
Microsoft Visual Studio Solution File, Format Version 12.00
# Visual Studio Version 17
VisualStudioVersion = 17.8.34330.188
MinimumVisualStudioVersion = 10.0.40219.1
Project("{FAE04EC0-301F-11D3-BF4B-00C04F79EFBC}") = "Soma2Numeros", "Soma2Numeros\Soma2Numeros.csproj", "{55ADDE29-78B0-4757-BEE6-4E5F5151D0D7}"
EndProject
Global
	GlobalSection(SolutionConfigurationPlatforms) = preSolution
		Debug|Any CPU = Debug|Any CPU
		Release|Any CPU = Release|Any CPU
	EndGlobalSection
	GlobalSection(ProjectConfigurationPlatforms) = postSolution
		{55ADDE29-78B0-4757-BEE6-4E5F5151D0D7}.Debug|Any CPU.ActiveCfg = Debug|Any CPU
		{55ADDE29-78B0-4757-BEE6-4E5F5151D0D7}.Debug|Any CPU.Build.0 = Debug|Any CPU
		{55ADDE29-78B0-4757-BEE6-4E5F5151D0D7}.Release|Any CPU.ActiveCfg = Release|Any CPU
		{55ADDE29-78B0-4757-BEE6-4E5F5151D0D7}.Release|Any CPU.Build.0 = Release|Any CPU
	EndGlobalSection
	GlobalSection(SolutionProperties) = preSolution
		HideSolutionNode = FALSE
	EndGlobalSection
	GlobalSection(ExtensibilityGlobals) = postSolution
		SolutionGuid = {4CDFDA61-2591-46CD-BC82-2F3B2CA8B0A7}
	EndGlobalSection
EndGlobal
